Microsoft Visual Studio Solution File, Format Version 12.00
# Visual Studio Version 17
VisualStudioVersion = 17.0.31903.59

Project("{FAE04EC0-301F-11D3-BF4B-00C04F79EFBC}") = "QuantEngine.Domain", "src\QuantEngine.Domain\QuantEngine.Domain.csproj", "{A1000001-0000-0000-0000-000000000001}"
EndProject
Project("{FAE04EC0-301F-11D3-BF4B-00C04F79EFBC}") = "QuantEngine.Indicators", "src\QuantEngine.Indicators\QuantEngine.Indicators.csproj", "{A1000002-0000-0000-0000-000000000002}"
EndProject
Project("{FAE04EC0-301F-11D3-BF4B-00C04F79EFBC}") = "QuantEngine.Strategy", "src\QuantEngine.Strategy\QuantEngine.Strategy.csproj", "{A1000003-0000-0000-0000-000000000003}"
EndProject
Project("{FAE04EC0-301F-11D3-BF4B-00C04F79EFBC}") = "QuantEngine.Risk", "src\QuantEngine.Risk\QuantEngine.Risk.csproj", "{A1000004-0000-0000-0000-000000000004}"
EndProject
Project("{FAE04EC0-301F-11D3-BF4B-00C04F79EFBC}") = "QuantEngine.Backtesting", "src\QuantEngine.Backtesting\QuantEngine.Backtesting.csproj", "{A1000005-0000-0000-0000-000000000005}"
EndProject
Project("{FAE04EC0-301F-11D3-BF4B-00C04F79EFBC}") = "QuantEngine.Infrastructure", "src\QuantEngine.Infrastructure\QuantEngine.Infrastructure.csproj", "{A1000006-0000-0000-0000-000000000006}"
EndProject
Project("{FAE04EC0-301F-11D3-BF4B-00C04F79EFBC}") = "QuantEngine.Trading", "src\QuantEngine.Trading\QuantEngine.Trading.csproj", "{A1000007-0000-0000-0000-000000000007}"
EndProject
Project("{FAE04EC0-301F-11D3-BF4B-00C04F79EFBC}") = "QuantEngine.Reporting", "src\QuantEngine.Reporting\QuantEngine.Reporting.csproj", "{A1000008-0000-0000-0000-000000000008}"
EndProject
Project("{FAE04EC0-301F-11D3-BF4B-00C04F79EFBC}") = "QuantEngine.Host", "src\QuantEngine.Host\QuantEngine.Host.csproj", "{A1000009-0000-0000-0000-000000000009}"
EndProject
Project("{FAE04EC0-301F-11D3-BF4B-00C04F79EFBC}") = "QuantEngine.Tests.Unit", "tests\QuantEngine.Tests.Unit\QuantEngine.Tests.Unit.csproj", "{A100000A-0000-0000-0000-00000000000A}"
EndProject

Global
    GlobalSection(SolutionConfigurationPlatforms) = preSolution
        Debug|Any CPU = Debug|Any CPU
        Release|Any CPU = Release|Any CPU
    EndGlobalSection
EndGlobal
